{
  "name": "node-red-contrib-example-lower-case97",
  "version": "1.0.1",
  "lockfileVersion": 2,
  "requires": true,
  "packages": {
    "": {
      "name": "node-red-contrib-example-lower-case97",
      "version": "1.0.1",
      "license": "MIT",
      "dependencies": {
        "circular-buffer": "^1.0.3"
      }
    },
    "node_modules/circular-buffer": {
      "version": "1.0.3",
      "resolved": "https://registry.npmjs.org/circular-buffer/-/circular-buffer-1.0.3.tgz",
      "integrity": "sha512-FFyvWxYrOBwpBfPGNpOyH8K03O2SgzmmfUcvk6b7AcjZHExwEbz8soOhYCfGx+cFqtAU6TGsS8zFfuXIPKHE7w=="
    }
  },
  "dependencies": {
    "circular-buffer": {
      "version": "1.0.3",
      "resolved": "https://registry.npmjs.org/circular-buffer/-/circular-buffer-1.0.3.tgz",
      "integrity": "sha512-FFyvWxYrOBwpBfPGNpOyH8K03O2SgzmmfUcvk6b7AcjZHExwEbz8soOhYCfGx+cFqtAU6TGsS8zFfuXIPKHE7w=="
    }
  }
}
